# This file is autogenerated, do not edit; changes may be undone by the next 'dep ensure'.


[[projects]]
  name = "github.com/DataDog/datadog-go"
  packages = ["statsd"]
  revision = "0ddda6bee21174ef6c4873647cb0d6ec9cba996f"
  version = "1.1.0"

[[projects]]
  branch = "master"
  name = "github.com/afex/hystrix-go"
  packages = ["hystrix","hystrix/metric_collector","hystrix/rolling"]
  revision = "f118cd938f786d24f46cc307981d8f63b7951020"

[[projects]]
  name = "github.com/alexellis/faas"
  packages = ["gateway/requests"]
  revision = "62a5cfc385c39331e9d301c7077bfb1c0d7f020b"
  version = "0.6.12"

[[projects]]
  name = "github.com/davecgh/go-spew"
  packages = ["spew"]
  revision = "346938d642f2ec3594ed81d874461961cd0faa76"
  version = "v1.1.0"

[[projects]]
  name = "github.com/eapache/go-resiliency"
  packages = ["retrier"]
  revision = "6800482f2c813e689c88b7ed3282262385011890"
  version = "v1.0.0"

[[projects]]
  name = "github.com/fatih/structs"
  packages = ["."]
  revision = "a720dfa8df582c51dee1b36feabb906bde1588bd"
  version = "v1.0"

[[projects]]
  branch = "master"
  name = "github.com/golang/protobuf"
  packages = ["proto","ptypes","ptypes/any","ptypes/duration","ptypes/timestamp"]
  revision = "1e59b77b52bf8e4b449a57e6f79f21226d571845"

[[projects]]
  branch = "master"
  name = "github.com/golang/snappy"
  packages = ["."]
  revision = "553a641470496b2327abcac10b36396bd98e45c9"

[[projects]]
  name = "github.com/gorhill/cronexpr"
  packages = ["."]
  revision = "a557574d6c024ed6e36acc8b610f5f211c91568a"
  version = "1.0.0"

[[projects]]
  name = "github.com/gorilla/context"
  packages = ["."]
  revision = "1ea25387ff6f684839d82767c1733ff4d4d15d0a"
  version = "v1.1"

[[projects]]
  name = "github.com/gorilla/mux"
  packages = ["."]
  revision = "7f08801859139f86dfafd1c296e2cba9a80d292e"
  version = "v1.6.0"

[[projects]]
  branch = "master"
  name = "github.com/hashicorp/consul"
  packages = ["api"]
  revision = "9f2989424e75ecbcaecb990cf7616ea8ad128adf"

[[projects]]
  name = "github.com/hashicorp/consul-template"
  packages = ["dependency","watch"]
  revision = "111a80441153783544817b7c6a9c08633308b9a8"
  version = "v0.19.4"

[[projects]]
  branch = "master"
  name = "github.com/hashicorp/errwrap"
  packages = ["."]
  revision = "7554cd9344cec97297fa6649b055a8c98c2a1e55"

[[projects]]
  branch = "master"
  name = "github.com/hashicorp/go-cleanhttp"
  packages = ["."]
  revision = "3573b8b52aa7b37b9358d966a898feb387f62437"

[[projects]]
  branch = "master"
  name = "github.com/hashicorp/go-hclog"
  packages = ["."]
  revision = "ca137eb4b4389c9bc6f1a6d887f056bf16c00510"

[[projects]]
  branch = "master"
  name = "github.com/hashicorp/go-multierror"
  packages = ["."]
  revision = "83588e72410abfbe4df460eeb6f30841ae47d4c4"

[[projects]]
  branch = "master"
  name = "github.com/hashicorp/go-plugin"
  packages = ["."]
  revision = "e2fbc6864d18d3c37b6cde4297ec9fca266d28f1"

[[projects]]
  branch = "master"
  name = "github.com/hashicorp/go-rootcerts"
  packages = ["."]
  revision = "6bb64b370b90e7ef1fa532be9e591a81c3493e00"

[[projects]]
  branch = "master"
  name = "github.com/hashicorp/hcl"
  packages = [".","hcl/ast","hcl/parser","hcl/scanner","hcl/strconv","hcl/token","json/parser","json/scanner","json/token"]
  revision = "23c074d0eceb2b8a5bfdbb271ab780cde70f05a8"

[[projects]]
  name = "github.com/hashicorp/nomad"
  packages = ["api","api/contexts","helper","helper/uuid"]
  revision = "1292569ac11aacfe8555a6bd94c0faedae2138e7"
  version = "v0.7.0"

[[projects]]
  name = "github.com/hashicorp/serf"
  packages = ["coordinate"]
  revision = "d6574a5bb1226678d7010325fb6c985db20ee458"
  version = "v0.8.1"

[[projects]]
  name = "github.com/hashicorp/vault"
  packages = ["api","helper/compressutil","helper/jsonutil","helper/parseutil"]
  revision = "6b29fb2b7f70ed538ee2b3c057335d706b6d4e36"
  version = "v0.8.3"

[[projects]]
  branch = "master"
  name = "github.com/hashicorp/yamux"
  packages = ["."]
  revision = "f5742cb6b85602e7fa834e9d5d91a7d7fa850824"

[[projects]]
  branch = "master"
  name = "github.com/mitchellh/go-homedir"
  packages = ["."]
  revision = "b8bc1bf767474819792c23f32d8286a45736f1c6"

[[projects]]
  branch = "master"
  name = "github.com/mitchellh/go-testing-interface"
  packages = ["."]
  revision = "a61a99592b77c9ba629d254a693acffaeb4b7e28"

[[projects]]
  branch = "master"
  name = "github.com/mitchellh/mapstructure"
  packages = ["."]
  revision = "06020f85339e21b2478f756a78e295255ffa4d6a"

[[projects]]
  name = "github.com/nicholasjackson/bench"
  packages = ["plugin/proto","plugin/shared"]
  revision = "fa881d88ed7cba18a0c1b19295112ab88062ddee"
  version = "1.0.0"

[[projects]]
  name = "github.com/nicholasjackson/ultraclient"
  packages = ["."]
  revision = "ac35f53d6ff32d66aa17b29bc2ed609b257ede2e"
  version = "0.7"

[[projects]]
  name = "github.com/openfaas/faas"
  packages = ["gateway/requests"]
  revision = "62a5cfc385c39331e9d301c7077bfb1c0d7f020b"
  version = "0.6.12"

[[projects]]
  name = "github.com/openfaas/faas-provider"
  packages = [".","types"]
  revision = "b9f261986a88ce62bbca20af2ff2dcf1d46a8df8"
  version = "0.4"

[[projects]]
  name = "github.com/patrickmn/go-cache"
  packages = ["."]
  revision = "a3647f8e31d79543b2d0f0ae2fe5c379d72cedc0"
  version = "v2.1.0"

[[projects]]
  name = "github.com/pkg/errors"
  packages = ["."]
  revision = "645ef00459ed84a119197bfb8d8205042c6df63d"
  version = "v0.8.0"

[[projects]]
  name = "github.com/pmezard/go-difflib"
  packages = ["difflib"]
  revision = "792786c7400a136282c1664665ae0a8db921c6c2"
  version = "v1.0.0"

[[projects]]
  branch = "master"
  name = "github.com/sethgrid/pester"
  packages = ["."]
  revision = "760f8913c0483b776294e1bee43f1d687527127b"

[[projects]]
  branch = "master"
  name = "github.com/stretchr/objx"
  packages = ["."]
  revision = "1a9d0bb9f541897e62256577b352fdbc1fb4fd94"

[[projects]]
  name = "github.com/stretchr/testify"
  packages = ["assert","mock"]
  revision = "69483b4bd14f5845b5a1e55bca19e954e827f1d0"
  version = "v1.1.4"

[[projects]]
  branch = "master"
  name = "golang.org/x/net"
  packages = ["context","http2","http2/hpack","idna","internal/timeseries","lex/httplex","trace"]
  revision = "fc492d2e106922eb3aa4bca863d55e882c087ae3"

[[projects]]
  branch = "master"
  name = "golang.org/x/text"
  packages = ["collate","collate/build","internal/colltab","internal/gen","internal/tag","internal/triegen","internal/ucd","language","secure/bidirule","transform","unicode/bidi","unicode/cldr","unicode/norm","unicode/rangetable"]
  revision = "a352c5cd197410fb50acfd80644a31f30f381cc1"

[[projects]]
  branch = "master"
  name = "google.golang.org/genproto"
  packages = ["googleapis/rpc/status"]
  revision = "7f0da29060c682909f650ad8ed4e515bd74fa12a"

[[projects]]
  name = "google.golang.org/grpc"
  packages = [".","balancer","balancer/roundrobin","codes","connectivity","credentials","encoding","grpclb/grpc_lb_v1/messages","grpclog","health","health/grpc_health_v1","internal","keepalive","metadata","naming","peer","resolver","resolver/dns","resolver/passthrough","stats","status","tap","transport"]
  revision = "5a9f7b402fe85096d2e1d0383435ee1876e863d0"
  version = "v1.8.0"

[solve-meta]
  analyzer-name = "dep"
  analyzer-version = 1
  inputs-digest = "4707f8e59a4feab5c6bfa50af365f162dd7c5230b9aed30c81c419bac69a78a6"
  solver-name = "gps-cdcl"
  solver-version = 1
